
Microsoft Visual Studio Solution File, Format Version 12.00
# Visual Studio Version 16
VisualStudioVersion = 16.0.33927.289
MinimumVisualStudioVersion = 10.0.40219.1
Project("{2150E333-8FDC-42A3-9474-1A3956D46DE8}") = "Task0", "Task0", "{7B3D7976-0F09-4D92-988C-124D21974E48}"
EndProject
Project("{FAE04EC0-301F-11D3-BF4B-00C04F79EFBC}") = "Tyuiu.OdarenkoAR.Sprint1.Task0.V22", "Tyuiu.OdarenkoAR.Sprint1.Task0.V22\Tyuiu.OdarenkoAR.Sprint1.Task0.V22.csproj", "{F7B7ED1A-0E2E-4335-8A72-77FA642563D6}"
EndProject
Project("{FAE04EC0-301F-11D3-BF4B-00C04F79EFBC}") = "Tyuiu.OdarenkoAR.Sprint1.Task0.V22.Lib", "Tyuiu.OdarenkoAR.Sprint1.Task0.V22.Lib\Tyuiu.OdarenkoAR.Sprint1.Task0.V22.Lib.csproj", "{73084F85-41DC-4B46-AA31-051C4837144B}"
EndProject
Project("{FAE04EC0-301F-11D3-BF4B-00C04F79EFBC}") = "Tyuiu.OdarenkoAR.Sprint1.Task0.V22.Test", "Tyuiu.OdarenkoAR.Sprint1.Task0.V22.Test\Tyuiu.OdarenkoAR.Sprint1.Task0.V22.Test.csproj", "{B1A4976A-5E9D-4862-A954-25E59F913D3F}"
EndProject
Project("{2150E333-8FDC-42A3-9474-1A3956D46DE8}") = "Task1", "Task1", "{EB6185D1-7D83-4D97-B322-DBDDDD662A25}"
EndProject
Project("{FAE04EC0-301F-11D3-BF4B-00C04F79EFBC}") = "Tyuiu.OdarenkoAR.Sprint1.Task1.V1", "Tyuiu.OdarenkoAR.Sprint1.Task1.V1\Tyuiu.OdarenkoAR.Sprint1.Task1.V1.csproj", "{296F1A3C-1CFF-49F8-A094-530AB14A7697}"
EndProject
Project("{FAE04EC0-301F-11D3-BF4B-00C04F79EFBC}") = "Tyuiu.OdarenkoAR.Sprint1.Task1.V1.Lib", "Tyuiu.OdarenkoAR.Sprint1.Task1.V1.Lib\Tyuiu.OdarenkoAR.Sprint1.Task1.V1.Lib.csproj", "{3B2E40D7-C149-4C82-8BE9-7F35A07AD7DD}"
EndProject
Project("{FAE04EC0-301F-11D3-BF4B-00C04F79EFBC}") = "Tyuiu.OdarenkoAR.Sprint1.Task1.V1.Test", "Tyuiu.OdarenkoAR.Sprint1.Task1.V1.Test\Tyuiu.OdarenkoAR.Sprint1.Task1.V1.Test.csproj", "{F9401B26-F5A0-4596-8671-F1566439A5B6}"
EndProject
Project("{2150E333-8FDC-42A3-9474-1A3956D46DE8}") = "Task2", "Task2", "{221DC58F-B8F1-4CBA-A8E7-607707AB3A1F}"
EndProject
Project("{FAE04EC0-301F-11D3-BF4B-00C04F79EFBC}") = "Tyuiu.OdarenkoAR.Sprint1.Task2.V15", "Tyuiu.OdarenkoAR.Sprint1.Task2.V15\Tyuiu.OdarenkoAR.Sprint1.Task2.V15.csproj", "{69457421-8AFD-4FDE-AF7E-79509F03B8A0}"
EndProject
Project("{FAE04EC0-301F-11D3-BF4B-00C04F79EFBC}") = "Tyuiu.OdarenkoAR.Sprint1.Task2.V15.Lib", "Tyuiu.OdarenkoAR.Sprint1.Task2.V15.Lib\Tyuiu.OdarenkoAR.Sprint1.Task2.V15.Lib.csproj", "{D697E153-41E7-4964-AF86-16D56447E17F}"
EndProject
Project("{FAE04EC0-301F-11D3-BF4B-00C04F79EFBC}") = "Tyuiu.OdarenkoAR.Sprint1.Task2.V15.Test", "Tyuiu.OdarenkoAR.Sprint1.Task2.V15.Test\Tyuiu.OdarenkoAR.Sprint1.Task2.V15.Test.csproj", "{CDF18347-04FD-43AD-B129-3E3682AFC8C6}"
EndProject
Project("{2150E333-8FDC-42A3-9474-1A3956D46DE8}") = "Task3", "Task3", "{7B3648A0-4C99-429C-A43D-0D115F0CA5FF}"
EndProject
Project("{FAE04EC0-301F-11D3-BF4B-00C04F79EFBC}") = "Tyuiu.OdarenkoAR.Sprint1.Task3.V12", "Tyuiu.OdarenkoAR.Sprint1.Task3.V10\Tyuiu.OdarenkoAR.Sprint1.Task3.V12.csproj", "{A27E7FDA-5982-49C5-AD68-F1BFA62D849E}"
EndProject
Project("{FAE04EC0-301F-11D3-BF4B-00C04F79EFBC}") = "Tyuiu.OdarenkoAR.Sprint1.Task3.V12.Lib", "Tyuiu.OdarenkoAR.Sprint1.Task3.V10.Lib\Tyuiu.OdarenkoAR.Sprint1.Task3.V12.Lib.csproj", "{04809F46-AB41-486C-88F9-E2FDF06D4953}"
EndProject
Project("{FAE04EC0-301F-11D3-BF4B-00C04F79EFBC}") = "Tyuiu.OdarenkoAR.Sprint1.Task3.V12.Test", "Tyuiu.OdarenkoAR.Sprint1.Task3.V10.Test\Tyuiu.OdarenkoAR.Sprint1.Task3.V12.Test.csproj", "{9007EE76-2D0F-44E4-AE60-E41EC9C337E8}"
EndProject
Project("{2150E333-8FDC-42A3-9474-1A3956D46DE8}") = "Task4", "Task4", "{0FCBD573-8343-4DBB-8FAE-99FE7BD0E937}"
EndProject
Project("{FAE04EC0-301F-11D3-BF4B-00C04F79EFBC}") = "Tyuiu.OdarenkoAR.Sprint1.Task4.V25", "Tyuiu.OdarenkoAR.Sprint1.Task4.V25\Tyuiu.OdarenkoAR.Sprint1.Task4.V25.csproj", "{85EBD1D5-277B-4996-8B50-6404D4541DB9}"
EndProject
Project("{FAE04EC0-301F-11D3-BF4B-00C04F79EFBC}") = "Tyuiu.OdarenkoAR.Sprint1.Task4.V25.Lib", "Tyuiu.OdarenkoAR.Sprint1.Task4.V25.Lib\Tyuiu.OdarenkoAR.Sprint1.Task4.V25.Lib.csproj", "{4F60CAFF-0B8F-4F7D-849F-1C8AF6B59A02}"
EndProject
Project("{FAE04EC0-301F-11D3-BF4B-00C04F79EFBC}") = "Tyuiu.OdarenkoAR.Sprint1.Task4.V25.Test", "Tyuiu.OdarenkoAR.Sprint1.Task4.V25.Test\Tyuiu.OdarenkoAR.Sprint1.Task4.V25.Test.csproj", "{692AF0FC-AF26-48EA-B9E8-D4A27671862F}"
EndProject
Project("{2150E333-8FDC-42A3-9474-1A3956D46DE8}") = "Task5", "Task5", "{84635E32-9873-4D9D-966D-5CA77D5E2D4A}"
EndProject
Project("{FAE04EC0-301F-11D3-BF4B-00C04F79EFBC}") = "Tyuiu.OdarenkoAR.Sprint1.Task5.V4", "Tyuiu.OdarenkoAR.Sprint1.Task5.V4\Tyuiu.OdarenkoAR.Sprint1.Task5.V4.csproj", "{11356E37-6A15-497D-BFD4-EB834DE8818C}"
EndProject
Project("{FAE04EC0-301F-11D3-BF4B-00C04F79EFBC}") = "Tyuiu.OdarenkoAR.Sprint1.Task5.V4.Lib", "Tyuiu.OdarenkoAR.Sprint1.Task5.V4.Lib\Tyuiu.OdarenkoAR.Sprint1.Task5.V4.Lib.csproj", "{206765C4-EB23-4B25-9EBA-21675BDE91AC}"
EndProject
Project("{FAE04EC0-301F-11D3-BF4B-00C04F79EFBC}") = "Tyuiu.OdarenkoAR.Sprint1.Task5.V4.Test", "Tyuiu.OdarenkoAR.Sprint1.Task5.V4.Test\Tyuiu.OdarenkoAR.Sprint1.Task5.V4.Test.csproj", "{6CFA9BD5-D60F-47A4-A8D2-5DF45979FB00}"
EndProject
Global
	GlobalSection(SolutionConfigurationPlatforms) = preSolution
		Debug|Any CPU = Debug|Any CPU
		Release|Any CPU = Release|Any CPU
	EndGlobalSection
	GlobalSection(ProjectConfigurationPlatforms) = postSolution
		{F7B7ED1A-0E2E-4335-8A72-77FA642563D6}.Debug|Any CPU.ActiveCfg = Debug|Any CPU
		{F7B7ED1A-0E2E-4335-8A72-77FA642563D6}.Debug|Any CPU.Build.0 = Debug|Any CPU
		{F7B7ED1A-0E2E-4335-8A72-77FA642563D6}.Release|Any CPU.ActiveCfg = Release|Any CPU
		{F7B7ED1A-0E2E-4335-8A72-77FA642563D6}.Release|Any CPU.Build.0 = Release|Any CPU
		{73084F85-41DC-4B46-AA31-051C4837144B}.Debug|Any CPU.ActiveCfg = Debug|Any CPU
		{73084F85-41DC-4B46-AA31-051C4837144B}.Debug|Any CPU.Build.0 = Debug|Any CPU
		{73084F85-41DC-4B46-AA31-051C4837144B}.Release|Any CPU.ActiveCfg = Release|Any CPU
		{73084F85-41DC-4B46-AA31-051C4837144B}.Release|Any CPU.Build.0 = Release|Any CPU
		{B1A4976A-5E9D-4862-A954-25E59F913D3F}.Debug|Any CPU.ActiveCfg = Debug|Any CPU
		{B1A4976A-5E9D-4862-A954-25E59F913D3F}.Debug|Any CPU.Build.0 = Debug|Any CPU
		{B1A4976A-5E9D-4862-A954-25E59F913D3F}.Release|Any CPU.ActiveCfg = Release|Any CPU
		{B1A4976A-5E9D-4862-A954-25E59F913D3F}.Release|Any CPU.Build.0 = Release|Any CPU
		{296F1A3C-1CFF-49F8-A094-530AB14A7697}.Debug|Any CPU.ActiveCfg = Debug|Any CPU
		{296F1A3C-1CFF-49F8-A094-530AB14A7697}.Debug|Any CPU.Build.0 = Debug|Any CPU
		{296F1A3C-1CFF-49F8-A094-530AB14A7697}.Release|Any CPU.ActiveCfg = Release|Any CPU
		{296F1A3C-1CFF-49F8-A094-530AB14A7697}.Release|Any CPU.Build.0 = Release|Any CPU
		{3B2E40D7-C149-4C82-8BE9-7F35A07AD7DD}.Debug|Any CPU.ActiveCfg = Debug|Any CPU
		{3B2E40D7-C149-4C82-8BE9-7F35A07AD7DD}.Debug|Any CPU.Build.0 = Debug|Any CPU
		{3B2E40D7-C149-4C82-8BE9-7F35A07AD7DD}.Release|Any CPU.ActiveCfg = Release|Any CPU
		{3B2E40D7-C149-4C82-8BE9-7F35A07AD7DD}.Release|Any CPU.Build.0 = Release|Any CPU
		{F9401B26-F5A0-4596-8671-F1566439A5B6}.Debug|Any CPU.ActiveCfg = Debug|Any CPU
		{F9401B26-F5A0-4596-8671-F1566439A5B6}.Debug|Any CPU.Build.0 = Debug|Any CPU
		{F9401B26-F5A0-4596-8671-F1566439A5B6}.Release|Any CPU.ActiveCfg = Release|Any CPU
		{F9401B26-F5A0-4596-8671-F1566439A5B6}.Release|Any CPU.Build.0 = Release|Any CPU
		{69457421-8AFD-4FDE-AF7E-79509F03B8A0}.Debug|Any CPU.ActiveCfg = Debug|Any CPU
		{69457421-8AFD-4FDE-AF7E-79509F03B8A0}.Debug|Any CPU.Build.0 = Debug|Any CPU
		{69457421-8AFD-4FDE-AF7E-79509F03B8A0}.Release|Any CPU.ActiveCfg = Release|Any CPU
		{69457421-8AFD-4FDE-AF7E-79509F03B8A0}.Release|Any CPU.Build.0 = Release|Any CPU
		{D697E153-41E7-4964-AF86-16D56447E17F}.Debug|Any CPU.ActiveCfg = Debug|Any CPU
		{D697E153-41E7-4964-AF86-16D56447E17F}.Debug|Any CPU.Build.0 = Debug|Any CPU
		{D697E153-41E7-4964-AF86-16D56447E17F}.Release|Any CPU.ActiveCfg = Release|Any CPU
		{D697E153-41E7-4964-AF86-16D56447E17F}.Release|Any CPU.Build.0 = Release|Any CPU
		{CDF18347-04FD-43AD-B129-3E3682AFC8C6}.Debug|Any CPU.ActiveCfg = Debug|Any CPU
		{CDF18347-04FD-43AD-B129-3E3682AFC8C6}.Debug|Any CPU.Build.0 = Debug|Any CPU
		{CDF18347-04FD-43AD-B129-3E3682AFC8C6}.Release|Any CPU.ActiveCfg = Release|Any CPU
		{CDF18347-04FD-43AD-B129-3E3682AFC8C6}.Release|Any CPU.Build.0 = Release|Any CPU
		{A27E7FDA-5982-49C5-AD68-F1BFA62D849E}.Debug|Any CPU.ActiveCfg = Debug|Any CPU
		{A27E7FDA-5982-49C5-AD68-F1BFA62D849E}.Debug|Any CPU.Build.0 = Debug|Any CPU
		{A27E7FDA-5982-49C5-AD68-F1BFA62D849E}.Release|Any CPU.ActiveCfg = Release|Any CPU
		{A27E7FDA-5982-49C5-AD68-F1BFA62D849E}.Release|Any CPU.Build.0 = Release|Any CPU
		{04809F46-AB41-486C-88F9-E2FDF06D4953}.Debug|Any CPU.ActiveCfg = Debug|Any CPU
		{04809F46-AB41-486C-88F9-E2FDF06D4953}.Debug|Any CPU.Build.0 = Debug|Any CPU
		{04809F46-AB41-486C-88F9-E2FDF06D4953}.Release|Any CPU.ActiveCfg = Release|Any CPU
		{04809F46-AB41-486C-88F9-E2FDF06D4953}.Release|Any CPU.Build.0 = Release|Any CPU
		{9007EE76-2D0F-44E4-AE60-E41EC9C337E8}.Debug|Any CPU.ActiveCfg = Debug|Any CPU
		{9007EE76-2D0F-44E4-AE60-E41EC9C337E8}.Debug|Any CPU.Build.0 = Debug|Any CPU
		{9007EE76-2D0F-44E4-AE60-E41EC9C337E8}.Release|Any CPU.ActiveCfg = Release|Any CPU
		{9007EE76-2D0F-44E4-AE60-E41EC9C337E8}.Release|Any CPU.Build.0 = Release|Any CPU
		{85EBD1D5-277B-4996-8B50-6404D4541DB9}.Debug|Any CPU.ActiveCfg = Debug|Any CPU
		{85EBD1D5-277B-4996-8B50-6404D4541DB9}.Debug|Any CPU.Build.0 = Debug|Any CPU
		{85EBD1D5-277B-4996-8B50-6404D4541DB9}.Release|Any CPU.ActiveCfg = Release|Any CPU
		{85EBD1D5-277B-4996-8B50-6404D4541DB9}.Release|Any CPU.Build.0 = Release|Any CPU
		{4F60CAFF-0B8F-4F7D-849F-1C8AF6B59A02}.Debug|Any CPU.ActiveCfg = Debug|Any CPU
		{4F60CAFF-0B8F-4F7D-849F-1C8AF6B59A02}.Debug|Any CPU.Build.0 = Debug|Any CPU
		{4F60CAFF-0B8F-4F7D-849F-1C8AF6B59A02}.Release|Any CPU.ActiveCfg = Release|Any CPU
		{4F60CAFF-0B8F-4F7D-849F-1C8AF6B59A02}.Release|Any CPU.Build.0 = Release|Any CPU
		{692AF0FC-AF26-48EA-B9E8-D4A27671862F}.Debug|Any CPU.ActiveCfg = Debug|Any CPU
		{692AF0FC-AF26-48EA-B9E8-D4A27671862F}.Debug|Any CPU.Build.0 = Debug|Any CPU
		{692AF0FC-AF26-48EA-B9E8-D4A27671862F}.Release|Any CPU.ActiveCfg = Release|Any CPU
		{692AF0FC-AF26-48EA-B9E8-D4A27671862F}.Release|Any CPU.Build.0 = Release|Any CPU
		{11356E37-6A15-497D-BFD4-EB834DE8818C}.Debug|Any CPU.ActiveCfg = Debug|Any CPU
		{11356E37-6A15-497D-BFD4-EB834DE8818C}.Debug|Any CPU.Build.0 = Debug|Any CPU
		{11356E37-6A15-497D-BFD4-EB834DE8818C}.Release|Any CPU.ActiveCfg = Release|Any CPU
		{11356E37-6A15-497D-BFD4-EB834DE8818C}.Release|Any CPU.Build.0 = Release|Any CPU
		{206765C4-EB23-4B25-9EBA-21675BDE91AC}.Debug|Any CPU.ActiveCfg = Debug|Any CPU
		{206765C4-EB23-4B25-9EBA-21675BDE91AC}.Debug|Any CPU.Build.0 = Debug|Any CPU
		{206765C4-EB23-4B25-9EBA-21675BDE91AC}.Release|Any CPU.ActiveCfg = Release|Any CPU
		{206765C4-EB23-4B25-9EBA-21675BDE91AC}.Release|Any CPU.Build.0 = Release|Any CPU
		{6CFA9BD5-D60F-47A4-A8D2-5DF45979FB00}.Debug|Any CPU.ActiveCfg = Debug|Any CPU
		{6CFA9BD5-D60F-47A4-A8D2-5DF45979FB00}.Debug|Any CPU.Build.0 = Debug|Any CPU
		{6CFA9BD5-D60F-47A4-A8D2-5DF45979FB00}.Release|Any CPU.ActiveCfg = Release|Any CPU
		{6CFA9BD5-D60F-47A4-A8D2-5DF45979FB00}.Release|Any CPU.Build.0 = Release|Any CPU
	EndGlobalSection
	GlobalSection(SolutionProperties) = preSolution
		HideSolutionNode = FALSE
	EndGlobalSection
	GlobalSection(NestedProjects) = preSolution
		{F7B7ED1A-0E2E-4335-8A72-77FA642563D6} = {7B3D7976-0F09-4D92-988C-124D21974E48}
		{73084F85-41DC-4B46-AA31-051C4837144B} = {7B3D7976-0F09-4D92-988C-124D21974E48}
		{B1A4976A-5E9D-4862-A954-25E59F913D3F} = {7B3D7976-0F09-4D92-988C-124D21974E48}
		{296F1A3C-1CFF-49F8-A094-530AB14A7697} = {EB6185D1-7D83-4D97-B322-DBDDDD662A25}
		{3B2E40D7-C149-4C82-8BE9-7F35A07AD7DD} = {EB6185D1-7D83-4D97-B322-DBDDDD662A25}
		{F9401B26-F5A0-4596-8671-F1566439A5B6} = {EB6185D1-7D83-4D97-B322-DBDDDD662A25}
		{69457421-8AFD-4FDE-AF7E-79509F03B8A0} = {221DC58F-B8F1-4CBA-A8E7-607707AB3A1F}
		{D697E153-41E7-4964-AF86-16D56447E17F} = {221DC58F-B8F1-4CBA-A8E7-607707AB3A1F}
		{CDF18347-04FD-43AD-B129-3E3682AFC8C6} = {221DC58F-B8F1-4CBA-A8E7-607707AB3A1F}
		{A27E7FDA-5982-49C5-AD68-F1BFA62D849E} = {7B3648A0-4C99-429C-A43D-0D115F0CA5FF}
		{04809F46-AB41-486C-88F9-E2FDF06D4953} = {7B3648A0-4C99-429C-A43D-0D115F0CA5FF}
		{9007EE76-2D0F-44E4-AE60-E41EC9C337E8} = {7B3648A0-4C99-429C-A43D-0D115F0CA5FF}
		{85EBD1D5-277B-4996-8B50-6404D4541DB9} = {0FCBD573-8343-4DBB-8FAE-99FE7BD0E937}
		{4F60CAFF-0B8F-4F7D-849F-1C8AF6B59A02} = {0FCBD573-8343-4DBB-8FAE-99FE7BD0E937}
		{692AF0FC-AF26-48EA-B9E8-D4A27671862F} = {0FCBD573-8343-4DBB-8FAE-99FE7BD0E937}
		{11356E37-6A15-497D-BFD4-EB834DE8818C} = {84635E32-9873-4D9D-966D-5CA77D5E2D4A}
		{206765C4-EB23-4B25-9EBA-21675BDE91AC} = {84635E32-9873-4D9D-966D-5CA77D5E2D4A}
		{6CFA9BD5-D60F-47A4-A8D2-5DF45979FB00} = {84635E32-9873-4D9D-966D-5CA77D5E2D4A}
	EndGlobalSection
	GlobalSection(ExtensibilityGlobals) = postSolution
		SolutionGuid = {11167408-4F5B-4F6C-B65A-6D2112A37348}
	EndGlobalSection
EndGlobal
