
Microsoft Visual Studio Solution File, Format Version 12.00
# Visual Studio Version 16
VisualStudioVersion = 16.0.33927.289
MinimumVisualStudioVersion = 10.0.40219.1
Project("{2150E333-8FDC-42A3-9474-1A3956D46DE8}") = "Task0", "Task0", "{7B3D7976-0F09-4D92-988C-124D21974E48}"
EndProject
Project("{FAE04EC0-301F-11D3-BF4B-00C04F79EFBC}") = "Tyuiu.OdarenkoAR.Sprint1.Task0.V22", "Tyuiu.OdarenkoAR.Sprint1.Task0.V22\Tyuiu.OdarenkoAR.Sprint1.Task0.V22.csproj", "{F7B7ED1A-0E2E-4335-8A72-77FA642563D6}"
EndProject
Project("{FAE04EC0-301F-11D3-BF4B-00C04F79EFBC}") = "Tyuiu.OdarenkoAR.Sprint1.Task0.V22.Lib", "Tyuiu.OdarenkoAR.Sprint1.Task0.V22.Lib\Tyuiu.OdarenkoAR.Sprint1.Task0.V22.Lib.csproj", "{73084F85-41DC-4B46-AA31-051C4837144B}"
EndProject
Project("{FAE04EC0-301F-11D3-BF4B-00C04F79EFBC}") = "Tyuiu.OdarenkoAR.Sprint1.Task0.V22.Test", "Tyuiu.OdarenkoAR.Sprint1.Task0.V22.Test\Tyuiu.OdarenkoAR.Sprint1.Task0.V22.Test.csproj", "{B1A4976A-5E9D-4862-A954-25E59F913D3F}"
EndProject
Project("{2150E333-8FDC-42A3-9474-1A3956D46DE8}") = "Task1", "Task1", "{EB6185D1-7D83-4D97-B322-DBDDDD662A25}"
EndProject
Project("{FAE04EC0-301F-11D3-BF4B-00C04F79EFBC}") = "Tyuiu.OdarenkoAR.Sprint1.Task1.V1", "Tyuiu.OdarenkoAR.Sprint1.Task1.V1\Tyuiu.OdarenkoAR.Sprint1.Task1.V1.csproj", "{296F1A3C-1CFF-49F8-A094-530AB14A7697}"
EndProject
Project("{FAE04EC0-301F-11D3-BF4B-00C04F79EFBC}") = "Tyuiu.OdarenkoAR.Sprint1.Task1.V1.Lib", "Tyuiu.OdarenkoAR.Sprint1.Task1.V1.Lib\Tyuiu.OdarenkoAR.Sprint1.Task1.V1.Lib.csproj", "{3B2E40D7-C149-4C82-8BE9-7F35A07AD7DD}"
EndProject
Project("{FAE04EC0-301F-11D3-BF4B-00C04F79EFBC}") = "Tyuiu.OdarenkoAR.Sprint1.Task1.V1.Test", "Tyuiu.OdarenkoAR.Sprint1.Task1.V1.Test\Tyuiu.OdarenkoAR.Sprint1.Task1.V1.Test.csproj", "{F9401B26-F5A0-4596-8671-F1566439A5B6}"
EndProject
Global
	GlobalSection(SolutionConfigurationPlatforms) = preSolution
		Debug|Any CPU = Debug|Any CPU
		Release|Any CPU = Release|Any CPU
	EndGlobalSection
	GlobalSection(ProjectConfigurationPlatforms) = postSolution
		{F7B7ED1A-0E2E-4335-8A72-77FA642563D6}.Debug|Any CPU.ActiveCfg = Debug|Any CPU
		{F7B7ED1A-0E2E-4335-8A72-77FA642563D6}.Debug|Any CPU.Build.0 = Debug|Any CPU
		{F7B7ED1A-0E2E-4335-8A72-77FA642563D6}.Release|Any CPU.ActiveCfg = Release|Any CPU
		{F7B7ED1A-0E2E-4335-8A72-77FA642563D6}.Release|Any CPU.Build.0 = Release|Any CPU
		{73084F85-41DC-4B46-AA31-051C4837144B}.Debug|Any CPU.ActiveCfg = Debug|Any CPU
		{73084F85-41DC-4B46-AA31-051C4837144B}.Debug|Any CPU.Build.0 = Debug|Any CPU
		{73084F85-41DC-4B46-AA31-051C4837144B}.Release|Any CPU.ActiveCfg = Release|Any CPU
		{73084F85-41DC-4B46-AA31-051C4837144B}.Release|Any CPU.Build.0 = Release|Any CPU
		{B1A4976A-5E9D-4862-A954-25E59F913D3F}.Debug|Any CPU.ActiveCfg = Debug|Any CPU
		{B1A4976A-5E9D-4862-A954-25E59F913D3F}.Debug|Any CPU.Build.0 = Debug|Any CPU
		{B1A4976A-5E9D-4862-A954-25E59F913D3F}.Release|Any CPU.ActiveCfg = Release|Any CPU
		{B1A4976A-5E9D-4862-A954-25E59F913D3F}.Release|Any CPU.Build.0 = Release|Any CPU
		{296F1A3C-1CFF-49F8-A094-530AB14A7697}.Debug|Any CPU.ActiveCfg = Debug|Any CPU
		{296F1A3C-1CFF-49F8-A094-530AB14A7697}.Debug|Any CPU.Build.0 = Debug|Any CPU
		{296F1A3C-1CFF-49F8-A094-530AB14A7697}.Release|Any CPU.ActiveCfg = Release|Any CPU
		{296F1A3C-1CFF-49F8-A094-530AB14A7697}.Release|Any CPU.Build.0 = Release|Any CPU
		{3B2E40D7-C149-4C82-8BE9-7F35A07AD7DD}.Debug|Any CPU.ActiveCfg = Debug|Any CPU
		{3B2E40D7-C149-4C82-8BE9-7F35A07AD7DD}.Debug|Any CPU.Build.0 = Debug|Any CPU
		{3B2E40D7-C149-4C82-8BE9-7F35A07AD7DD}.Release|Any CPU.ActiveCfg = Release|Any CPU
		{3B2E40D7-C149-4C82-8BE9-7F35A07AD7DD}.Release|Any CPU.Build.0 = Release|Any CPU
		{F9401B26-F5A0-4596-8671-F1566439A5B6}.Debug|Any CPU.ActiveCfg = Debug|Any CPU
		{F9401B26-F5A0-4596-8671-F1566439A5B6}.Debug|Any CPU.Build.0 = Debug|Any CPU
		{F9401B26-F5A0-4596-8671-F1566439A5B6}.Release|Any CPU.ActiveCfg = Release|Any CPU
		{F9401B26-F5A0-4596-8671-F1566439A5B6}.Release|Any CPU.Build.0 = Release|Any CPU
	EndGlobalSection
	GlobalSection(SolutionProperties) = preSolution
		HideSolutionNode = FALSE
	EndGlobalSection
	GlobalSection(NestedProjects) = preSolution
		{F7B7ED1A-0E2E-4335-8A72-77FA642563D6} = {7B3D7976-0F09-4D92-988C-124D21974E48}
		{73084F85-41DC-4B46-AA31-051C4837144B} = {7B3D7976-0F09-4D92-988C-124D21974E48}
		{B1A4976A-5E9D-4862-A954-25E59F913D3F} = {7B3D7976-0F09-4D92-988C-124D21974E48}
		{296F1A3C-1CFF-49F8-A094-530AB14A7697} = {EB6185D1-7D83-4D97-B322-DBDDDD662A25}
		{3B2E40D7-C149-4C82-8BE9-7F35A07AD7DD} = {EB6185D1-7D83-4D97-B322-DBDDDD662A25}
		{F9401B26-F5A0-4596-8671-F1566439A5B6} = {EB6185D1-7D83-4D97-B322-DBDDDD662A25}
	EndGlobalSection
	GlobalSection(ExtensibilityGlobals) = postSolution
		SolutionGuid = {11167408-4F5B-4F6C-B65A-6D2112A37348}
	EndGlobalSection
EndGlobal
